
Microsoft Visual Studio Solution File, Format Version 12.00
# Visual Studio 15
VisualStudioVersion = 15.0.28307.779
MinimumVisualStudioVersion = 10.0.40219.1
Project("{FAE04EC0-301F-11D3-BF4B-00C04F79EFBC}") = "VeterinerSistemi", "VeterinerSistemi\VeterinerSistemi.csproj", "{106045C5-A958-476C-94FC-2C218EF308AB}"
EndProject
Global
	GlobalSection(SolutionConfigurationPlatforms) = preSolution
		Debug|Any CPU = Debug|Any CPU
		Release|Any CPU = Release|Any CPU
	EndGlobalSection
	GlobalSection(ProjectConfigurationPlatforms) = postSolution
		{106045C5-A958-476C-94FC-2C218EF308AB}.Debug|Any CPU.ActiveCfg = Debug|Any CPU
		{106045C5-A958-476C-94FC-2C218EF308AB}.Debug|Any CPU.Build.0 = Debug|Any CPU
		{106045C5-A958-476C-94FC-2C218EF308AB}.Release|Any CPU.ActiveCfg = Release|Any CPU
		{106045C5-A958-476C-94FC-2C218EF308AB}.Release|Any CPU.Build.0 = Release|Any CPU
	EndGlobalSection
	GlobalSection(SolutionProperties) = preSolution
		HideSolutionNode = FALSE
	EndGlobalSection
	GlobalSection(ExtensibilityGlobals) = postSolution
		SolutionGuid = {7BE44C4C-CAB2-4E85-9528-BCD4EFFE1A2D}
	EndGlobalSection
EndGlobal
